dependencies:
- name: postgresql
  repository: https://charts.bitnami.com/bitnami
  version: 8.6.10
- name: redis
  repository: https://charts.bitnami.com/bitnami
  version: 10.5.14
- name: nginx
  repository: https://adrienkuhn.github.io/helm-repo/
  version: 0.1.1
digest: sha256:0db58f6ed3c2e7b37dbfca239689db4f1c13045d706106793cb20a54b771e92f
generated: "2021-04-22T21:53:36.139522-04:00"
